<Project xmlns="http://schemas.microsoft.com/developer/msbuild/2003">
    <PropertyGroup>
        <Base>True</Base>
        <AppType>Console</AppType>
        <Config Condition="'$(Config)'==''">Debug</Config>
        <FrameworkType>FMX</FrameworkType>
        <MainSource>AetherOrbits.Tests.dpr</MainSource>
        <Platform Condition="'$(Platform)'==''">Win64</Platform>
        <ProjectGuid>{B2C3D4E5-F6A7-8901-BCDE-F12345678901}</ProjectGuid>
        <ProjectName Condition="'$(ProjectName)'==''">AetherOrbits.Tests</ProjectName>
        <ProjectVersion>20.4</ProjectVersion>
        <TargetedPlatforms>131</TargetedPlatforms>
    </PropertyGroup>
    <PropertyGroup Condition="'$(Config)'=='Base' or '$(Base)'!=''">
        <Base>true</Base>
    </PropertyGroup>
    <PropertyGroup Condition="('$(Platform)'=='Win32' and '$(Base)'=='true') or '$(Base_Win32)'!=''">
        <Base_Win32>true</Base_Win32>
        <CfgParent>Base</CfgParent>
        <Base>true</Base>
    </PropertyGroup>
    <PropertyGroup Condition="('$(Platform)'=='Win64' and '$(Base)'=='true') or '$(Base_Win64)'!=''">
        <Base_Win64>true</Base_Win64>
        <CfgParent>Base</CfgParent>
        <Base>true</Base>
    </PropertyGroup>
    <PropertyGroup Condition="'$(Config)'=='Debug' or '$(Cfg_1)'!=''">
        <Cfg_1>true</Cfg_1>
        <CfgParent>Base</CfgParent>
        <Base>true</Base>
    </PropertyGroup>
    <PropertyGroup Condition="'$(Config)'=='Release' or '$(Cfg_2)'!=''">
        <Cfg_2>true</Cfg_2>
        <CfgParent>Base</CfgParent>
        <Base>true</Base>
    </PropertyGroup>
    <PropertyGroup Condition="'$(Base)'!=''">
        <SanitizedProjectName>AetherOrbits_Tests</SanitizedProjectName>
        <AUP_ACCESS_COARSE_LOCATION>true</AUP_ACCESS_COARSE_LOCATION>
        <AUP_ACCESS_FINE_LOCATION>true</AUP_ACCESS_FINE_LOCATION>
        <AUP_CALL_PHONE>true</AUP_CALL_PHONE>
        <AUP_CAMERA>true</AUP_CAMERA>
        <AUP_INTERNET>true</AUP_INTERNET>
        <AUP_READ_EXTERNAL_STORAGE>true</AUP_READ_EXTERNAL_STORAGE>
        <AUP_READ_PHONE_STATE>true</AUP_READ_PHONE_STATE>
        <AUP_WRITE_EXTERNAL_STORAGE>true</AUP_WRITE_EXTERNAL_STORAGE>
        <DCC_DcuOutput>..\build\$(Platform)\$(Config)\dcu</DCC_DcuOutput>
        <DCC_ExeOutput>..\build\$(Platform)\$(Config)</DCC_ExeOutput>
        <DCC_Namespace>System;Xml;Data;Datasnap;Web;Soap;$(DCC_Namespace)</DCC_Namespace>
        <DCC_UnitSearchPath>..\libs\DUnitX\Source;..\src;..\src\AetherOrbits;..\src\Helios;$(DCC_UnitSearchPath)</DCC_UnitSearchPath>
        <Icns_MainIcns>$(BDS)\bin\delphi_PROJECTICNS.icns</Icns_MainIcns>
        <Icon_MainIcon>$(BDS)\bin\delphi_PROJECTICON.ico</Icon_MainIcon>
        <VerInfo_Build>0</VerInfo_Build>
        <VerInfo_IncludeVerInfo>true</VerInfo_IncludeVerInfo>
        <VerInfo_Keys>CompanyName=Olaf Monien;FileDescription=Aether Orbits Unit Tests;FileVersion=1.0.0.0;InternalName=AetherOrbits.Tests;LegalCopyright=Copyright © 2026 Olaf Monien;LegalTrademarks=;OriginalFilename=AetherOrbits.Tests.exe;ProductName=Aether Orbits;ProductVersion=1.0.0.0;Comments=MIT License</VerInfo_Keys>
        <VerInfo_Locale>1031</VerInfo_Locale>
        <VerInfo_MajorVer>1</VerInfo_MajorVer>
        <VerInfo_MinorVer>0</VerInfo_MinorVer>
        <VerInfo_Release>0</VerInfo_Release>
    </PropertyGroup>
    <PropertyGroup Condition="'$(Base_Win32)'!=''">
        <DCC_Namespace>Winapi;System.Win;Data.Win;Datasnap.Win;Web.Win;Soap.Win;Xml.Win;$(DCC_Namespace)</DCC_Namespace>
        <VerInfo_IncludeVerInfo>true</VerInfo_IncludeVerInfo>
        <VerInfo_Locale>1031</VerInfo_Locale>
    </PropertyGroup>
    <PropertyGroup Condition="'$(Base_Win64)'!=''">
        <DCC_Namespace>Winapi;System.Win;Data.Win;Datasnap.Win;Web.Win;Soap.Win;Xml.Win;$(DCC_Namespace)</DCC_Namespace>
        <VerInfo_IncludeVerInfo>true</VerInfo_IncludeVerInfo>
        <VerInfo_Locale>1031</VerInfo_Locale>
    </PropertyGroup>
    <PropertyGroup Condition="'$(Cfg_1)'!=''">
        <DCC_Define>DEBUG;$(DCC_Define)</DCC_Define>
        <DCC_GenerateStackFrames>true</DCC_GenerateStackFrames>
        <DCC_Optimize>false</DCC_Optimize>
    </PropertyGroup>
    <PropertyGroup Condition="'$(Cfg_2)'!=''">
        <DCC_Define>RELEASE;$(DCC_Define)</DCC_Define>
        <DCC_Optimize>true</DCC_Optimize>
    </PropertyGroup>
    <ItemGroup>
        <DelphiCompile Include="$(MainSource)">
            <MainSource>MainSource</MainSource>
        </DelphiCompile>
        <DCCReference Include="..\src\FMXAnimation.GameLoop.pas"/>
        <DCCReference Include="..\src\FMXAnimation.SystemInfo.pas"/>
        <DCCReference Include="..\src\FMXAnimation.Stats.Hud.pas"/>
        <DCCReference Include="..\src\FMXAnimation.DemoShell.pas"/>
        <DCCReference Include="..\src\AetherOrbits\AetherOrbits.Scene.pas"/>
        <DCCReference Include="..\src\AetherOrbits\AetherOrbits.Scene.Renderer.pas"/>
        <DCCReference Include="..\src\AetherOrbits\AetherOrbits.Main.Form.pas">
            <Form>FormMain</Form>
            <FormType>fmx</FormType>
        </DCCReference>
        <DCCReference Include="FMXAnimation.GameLoop.Tests.pas"/>
        <DCCReference Include="AetherOrbits.Scene.Tests.pas"/>
        <DCCReference Include="AetherOrbits.Main.Form.Smoke.pas"/>
        <DCCReference Include="FMXAnimation.SystemInfo.Tests.pas"/>
        <DCCReference Include="..\src\Helios\Helios.Scene.pas"/>
        <DCCReference Include="..\src\Helios\Helios.Scene.Renderer.pas"/>
        <DCCReference Include="..\src\Helios\Helios.Main.Form.pas">
            <Form>FormHeliosMain</Form>
            <FormType>fmx</FormType>
        </DCCReference>
        <DCCReference Include="Helios.Scene.Tests.pas"/>
        <DCCReference Include="Helios.Main.Form.Smoke.pas"/>
        <BuildConfiguration Include="Base">
            <Key>Base</Key>
        </BuildConfiguration>
        <BuildConfiguration Include="Debug">
            <Key>Cfg_1</Key>
            <CfgParent>Base</CfgParent>
        </BuildConfiguration>
        <BuildConfiguration Include="Release">
            <Key>Cfg_2</Key>
            <CfgParent>Base</CfgParent>
        </BuildConfiguration>
    </ItemGroup>
    <ProjectExtensions>
        <Borland.Personality>Delphi.Personality.12</Borland.Personality>
        <Borland.ProjectType>Application</Borland.ProjectType>
        <BorlandProject>
            <Delphi.Personality>
                <Source>
                    <Source Name="MainSource">AetherOrbits.Tests.dpr</Source>
                </Source>
            </Delphi.Personality>
            <Platforms>
                <Platform value="Android">False</Platform>
                <Platform value="Android64">False</Platform>
                <Platform value="Linux64">True</Platform>
                <Platform value="OSX64">False</Platform>
                <Platform value="OSXARM64">False</Platform>
                <Platform value="Win32">True</Platform>
                <Platform value="Win64">True</Platform>
                <Platform value="iOSDevice64">False</Platform>
                <Platform value="iOSSimARM64">False</Platform>
            </Platforms>
            <VersionInfo>
                <VersionInfo Name="IncludeVerInfo">True</VersionInfo>
                <VersionInfo Name="AutoIncBuild">False</VersionInfo>
                <VersionInfo Name="MajorVer">1</VersionInfo>
                <VersionInfo Name="MinorVer">0</VersionInfo>
                <VersionInfo Name="Release">0</VersionInfo>
                <VersionInfo Name="Build">0</VersionInfo>
                <VersionInfo Name="Debug">False</VersionInfo>
                <VersionInfo Name="PreRelease">False</VersionInfo>
                <VersionInfo Name="Special">False</VersionInfo>
                <VersionInfo Name="Private">False</VersionInfo>
                <VersionInfo Name="DLL">False</VersionInfo>
                <VersionInfo Name="Locale">1031</VersionInfo>
                <VersionInfo Name="CodePage">1252</VersionInfo>
            </VersionInfo>
            <VersionInfoKeys>
                <VersionInfoKeys Name="CompanyName">Olaf Monien</VersionInfoKeys>
                <VersionInfoKeys Name="FileDescription">Aether Orbits Unit Tests</VersionInfoKeys>
                <VersionInfoKeys Name="FileVersion">1.0.0.0</VersionInfoKeys>
                <VersionInfoKeys Name="InternalName">AetherOrbits.Tests</VersionInfoKeys>
                <VersionInfoKeys Name="LegalCopyright">Copyright © 2026 Olaf Monien</VersionInfoKeys>
                <VersionInfoKeys Name="LegalTrademarks"/>
                <VersionInfoKeys Name="OriginalFilename">AetherOrbits.Tests.exe</VersionInfoKeys>
                <VersionInfoKeys Name="ProductName">Aether Orbits</VersionInfoKeys>
                <VersionInfoKeys Name="ProductVersion">1.0.0.0</VersionInfoKeys>
                <VersionInfoKeys Name="Comments">MIT License</VersionInfoKeys>
            </VersionInfoKeys>
        </BorlandProject>
        <ProjectFileVersion>12</ProjectFileVersion>
    </ProjectExtensions>
    <Import Project="$(BDS)\Bin\CodeGear.Delphi.Targets" Condition="Exists('$(BDS)\Bin\CodeGear.Delphi.Targets')"/>
    <Import Project="$(APPDATA)\Embarcadero\$(BDSAPPDATABASEDIR)\$(PRODUCTVERSION)\UserTools.proj" Condition="Exists('$(APPDATA)\Embarcadero\$(BDSAPPDATABASEDIR)\$(PRODUCTVERSION)\UserTools.proj')"/>
</Project>
